{
  "version": "5",
  "specifiers": {
    "jsr:@std/assert@*": "1.0.14",
    "jsr:@std/internal@^1.0.10": "1.0.10",
    "npm:dprint@~0.49.1": "0.49.1",
    "npm:vue@^3.5.20": "3.5.21"
  },
  "jsr": {
    "@std/assert@1.0.14": {
      "integrity": "68d0d4a43b365abc927f45a9b85c639ea18a9fab96ad92281e493e4ed84abaa4",
      "dependencies": [
        "jsr:@std/internal"
      ]
    },
    "@std/internal@1.0.10": {
      "integrity": "e3be62ce42cab0e177c27698e5d9800122f67b766a0bea6ca4867886cbde8cf7"
    }
  },
  "npm": {
    "@babel/helper-string-parser@7.27.1": {
      "integrity": "sha512-qMlSxKbpRlAridDExk92nSobyDdpPijUq2DW6oDnUqd0iOGxmQjyqhMIihI9+zv4LPyZdRje2cavWPbCbWm3eA=="
    },
    "@babel/helper-validator-identifier@7.27.1": {
      "integrity": "sha512-D2hP9eA+Sqx1kBZgzxZh0y1trbuU+JoDkiEwqhQ36nodYqJwyEIhPSdMNd7lOm/4io72luTPWH20Yda0xOuUow=="
    },
    "@babel/parser@7.28.3": {
      "integrity": "sha512-7+Ey1mAgYqFAx2h0RuoxcQT5+MlG3GTV0TQrgr7/ZliKsm/MNDxVVutlWaziMq7wJNAz8MTqz55XLpWvva6StA==",
      "dependencies": [
        "@babel/types"
      ],
      "bin": true
    },
    "@babel/types@7.28.2": {
      "integrity": "sha512-ruv7Ae4J5dUYULmeXw1gmb7rYRz57OWCPM57pHojnLq/3Z1CK2lNSLTCVjxVk1F/TZHwOZZrOWi0ur95BbLxNQ==",
      "dependencies": [
        "@babel/helper-string-parser",
        "@babel/helper-validator-identifier"
      ]
    },
    "@dprint/darwin-arm64@0.49.1": {
      "integrity": "sha512-ib6KcJWo/M5RJWXOQKhP664FG1hAvG7nrbkh+j8n+oXdzmbyDdXTP+zW+aM3/sIQUkGaZky1xy1j2VeScMEEHQ==",
      "os": ["darwin"],
      "cpu": ["arm64"]
    },
    "@dprint/darwin-x64@0.49.1": {
      "integrity": "sha512-vIVgnYxV7YYa1d6Uyz707RbgB9rwefGPam+rzaueFNPQjdOxPOTQDuMEJDS+Z3BlI00MfeoupIfIUGsXoM4dpQ==",
      "os": ["darwin"],
      "cpu": ["x64"]
    },
    "@dprint/linux-arm64-glibc@0.49.1": {
      "integrity": "sha512-ZeIh6qMPWLBBifDtU0XadpK36b4WoaTqCOt0rWKfoTjq1RAt78EgqETWp43Dbr6et/HvTgYdoWF0ZNEu2FJFFA==",
      "os": ["linux"],
      "cpu": ["arm64"]
    },
    "@dprint/linux-arm64-musl@0.49.1": {
      "integrity": "sha512-/nuRyx+TykN6MqhlSCRs/t3o1XXlikiwTc9emWdzMeLGllYvJrcht9gRJ1/q1SqwCFhzgnD9H7roxxfji1tc+Q==",
      "os": ["linux"],
      "cpu": ["arm64"]
    },
    "@dprint/linux-riscv64-glibc@0.49.1": {
      "integrity": "sha512-RHBqrnvGO+xW4Oh0QuToBqWtkXMcfjqa1TqbBFF03yopFzZA2oRKX83PhjTWgd/IglaOns0BgmaLJy/JBSxOfQ==",
      "os": ["linux"],
      "cpu": ["riscv64"]
    },
    "@dprint/linux-x64-glibc@0.49.1": {
      "integrity": "sha512-MjFE894mIQXOKBencuakKyzAI4KcDe/p0Y9lRp9YSw/FneR4QWH9VBH90h8fRxcIlWMArjFFJJAtsBnn5qgxeg==",
      "os": ["linux"],
      "cpu": ["x64"]
    },
    "@dprint/linux-x64-musl@0.49.1": {
      "integrity": "sha512-CvGBWOksHgrL1uzYqtPFvZz0+E82BzgoCIEHJeuYaveEn37qWZS5jqoCm/vz6BfoivE1dVuyyOT78Begj9KxkQ==",
      "os": ["linux"],
      "cpu": ["x64"]
    },
    "@dprint/win32-arm64@0.49.1": {
      "integrity": "sha512-gQa4s82lMcXjfdxjWBQun6IJlXdPZZaIj2/2cqXWVEOYPKxAZ/JvGzt2pPG+i73h9KHjNLIV8M9ckqEH3oHufg==",
      "os": ["win32"],
      "cpu": ["arm64"]
    },
    "@dprint/win32-x64@0.49.1": {
      "integrity": "sha512-nPU6+hoVze5JJlgET7woYWElBw0IUaB/9XKTaglknQuUUfsmD75D9pkgJTxdIxl9Bg/i5O7c9wb3Nj4XNiTIfw==",
      "os": ["win32"],
      "cpu": ["x64"]
    },
    "@jridgewell/sourcemap-codec@1.5.5": {
      "integrity": "sha512-cYQ9310grqxueWbl+WuIUIaiUaDcj7WOq5fVhEljNVgRfOUhY9fy2zTvfoqWsnebh8Sl70VScFbICvJnLKB0Og=="
    },
    "@vue/compiler-core@3.5.21": {
      "integrity": "sha512-8i+LZ0vf6ZgII5Z9XmUvrCyEzocvWT+TeR2VBUVlzIH6Tyv57E20mPZ1bCS+tbejgUgmjrEh7q/0F0bibskAmw==",
      "dependencies": [
        "@babel/parser",
        "@vue/shared",
        "entities",
        "estree-walker",
        "source-map-js"
      ]
    },
    "@vue/compiler-dom@3.5.21": {
      "integrity": "sha512-jNtbu/u97wiyEBJlJ9kmdw7tAr5Vy0Aj5CgQmo+6pxWNQhXZDPsRr1UWPN4v3Zf82s2H3kF51IbzZ4jMWAgPlQ==",
      "dependencies": [
        "@vue/compiler-core",
        "@vue/shared"
      ]
    },
    "@vue/compiler-sfc@3.5.21": {
      "integrity": "sha512-SXlyk6I5eUGBd2v8Ie7tF6ADHE9kCR6mBEuPyH1nUZ0h6Xx6nZI29i12sJKQmzbDyr2tUHMhhTt51Z6blbkTTQ==",
      "dependencies": [
        "@babel/parser",
        "@vue/compiler-core",
        "@vue/compiler-dom",
        "@vue/compiler-ssr",
        "@vue/shared",
        "estree-walker",
        "magic-string",
        "postcss",
        "source-map-js"
      ]
    },
    "@vue/compiler-ssr@3.5.21": {
      "integrity": "sha512-vKQ5olH5edFZdf5ZrlEgSO1j1DMA4u23TVK5XR1uMhvwnYvVdDF0nHXJUblL/GvzlShQbjhZZ2uvYmDlAbgo9w==",
      "dependencies": [
        "@vue/compiler-dom",
        "@vue/shared"
      ]
    },
    "@vue/reactivity@3.5.21": {
      "integrity": "sha512-3ah7sa+Cwr9iiYEERt9JfZKPw4A2UlbY8RbbnH2mGCE8NwHkhmlZt2VsH0oDA3P08X3jJd29ohBDtX+TbD9AsA==",
      "dependencies": [
        "@vue/shared"
      ]
    },
    "@vue/runtime-core@3.5.21": {
      "integrity": "sha512-+DplQlRS4MXfIf9gfD1BOJpk5RSyGgGXD/R+cumhe8jdjUcq/qlxDawQlSI8hCKupBlvM+3eS1se5xW+SuNAwA==",
      "dependencies": [
        "@vue/reactivity",
        "@vue/shared"
      ]
    },
    "@vue/runtime-dom@3.5.21": {
      "integrity": "sha512-3M2DZsOFwM5qI15wrMmNF5RJe1+ARijt2HM3TbzBbPSuBHOQpoidE+Pa+XEaVN+czbHf81ETRoG1ltztP2em8w==",
      "dependencies": [
        "@vue/reactivity",
        "@vue/runtime-core",
        "@vue/shared",
        "csstype"
      ]
    },
    "@vue/server-renderer@3.5.21_vue@3.5.21": {
      "integrity": "sha512-qr8AqgD3DJPJcGvLcJKQo2tAc8OnXRcfxhOJCPF+fcfn5bBGz7VCcO7t+qETOPxpWK1mgysXvVT/j+xWaHeMWA==",
      "dependencies": [
        "@vue/compiler-ssr",
        "@vue/shared",
        "vue"
      ]
    },
    "@vue/shared@3.5.21": {
      "integrity": "sha512-+2k1EQpnYuVuu3N7atWyG3/xoFWIVJZq4Mz8XNOdScFI0etES75fbny/oU4lKWk/577P1zmg0ioYvpGEDZ3DLw=="
    },
    "csstype@3.1.3": {
      "integrity": "sha512-M1uQkMl8rQK/szD0LNhtqxIPLpimGm8sOBwU7lLnCpSbTyY3yeU1Vc7l4KT5zT4s/yOxHH5O7tIuuLOCnLADRw=="
    },
    "dprint@0.49.1": {
      "integrity": "sha512-pO9XH79SyXybj2Vhc9ITZMEI8cJkdlQQRoD8oEfPH6Jjpp/7WX5kIgECVd3DBOjjAdCSiW6R47v3gJBx/qZVkw==",
      "optionalDependencies": [
        "@dprint/darwin-arm64",
        "@dprint/darwin-x64",
        "@dprint/linux-arm64-glibc",
        "@dprint/linux-arm64-musl",
        "@dprint/linux-riscv64-glibc",
        "@dprint/linux-x64-glibc",
        "@dprint/linux-x64-musl",
        "@dprint/win32-arm64",
        "@dprint/win32-x64"
      ],
      "scripts": true,
      "bin": true
    },
    "entities@4.5.0": {
      "integrity": "sha512-V0hjH4dGPh9Ao5p0MoRY6BVqtwCjhz6vI5LT8AJ55H+4g9/4vbHx1I54fS0XuclLhDHArPQCiMjDxjaL8fPxhw=="
    },
    "estree-walker@2.0.2": {
      "integrity": "sha512-Rfkk/Mp/DL7JVje3u18FxFujQlTNR2q6QfMSMB7AvCBx91NGj/ba3kCfza0f6dVDbw7YlRf/nDrn7pQrCCyQ/w=="
    },
    "magic-string@0.30.18": {
      "integrity": "sha512-yi8swmWbO17qHhwIBNeeZxTceJMeBvWJaId6dyvTSOwTipqeHhMhOrz6513r1sOKnpvQ7zkhlG8tPrpilwTxHQ==",
      "dependencies": [
        "@jridgewell/sourcemap-codec"
      ]
    },
    "nanoid@3.3.11": {
      "integrity": "sha512-N8SpfPUnUp1bK+PMYW8qSWdl9U+wwNWI4QKxOYDy9JAro3WMX7p2OeVRF9v+347pnakNevPmiHhNmZ2HbFA76w==",
      "bin": true
    },
    "picocolors@1.1.1": {
      "integrity": "sha512-xceH2snhtb5M9liqDsmEw56le376mTZkEX/jEb/RxNFyegNul7eNslCXP9FDj/Lcu0X8KEyMceP2ntpaHrDEVA=="
    },
    "postcss@8.5.6": {
      "integrity": "sha512-3Ybi1tAuwAP9s0r1UQ2J4n5Y0G05bJkpUIO0/bI9MhwmD70S5aTWbXGBwxHrelT+XM1k6dM0pk+SwNkpTRN7Pg==",
      "dependencies": [
        "nanoid",
        "picocolors",
        "source-map-js"
      ]
    },
    "source-map-js@1.2.1": {
      "integrity": "sha512-UXWMKhLOwVKb728IUtQPXxfYU+usdybtUrK/8uGE8CQMvrhOpwvzDBwj0QhSL7MQc7vIsISBG8VQ8+IDQxpfQA=="
    },
    "vue@3.5.21": {
      "integrity": "sha512-xxf9rum9KtOdwdRkiApWL+9hZEMWE90FHh8yS1+KJAiWYh+iGWV1FquPjoO9VUHQ+VIhsCXNNyZ5Sf4++RVZBA==",
      "dependencies": [
        "@vue/compiler-dom",
        "@vue/compiler-sfc",
        "@vue/runtime-dom",
        "@vue/server-renderer",
        "@vue/shared"
      ]
    }
  },
  "remote": {
    "https://deno.land/std@0.106.0/fmt/colors.ts": "d2f8355f00a74404668fc5a1e4a92983ce1a9b0a6ac1d40efbd681cb8f519586",
    "https://deno.land/std@0.106.0/testing/_diff.ts": "5d3693155f561d1a5443ac751ac70aab9f5d67b4819a621d4b96b8a1a1c89620",
    "https://deno.land/std@0.106.0/testing/asserts.ts": "5f3a0fddb15a9733e44737e2d52be8e696bb79bc4e3830a9f246c5b8f3b29b31"
  },
  "workspace": {
    "dependencies": [
      "npm:vue@^3.5.20"
    ],
    "packageJson": {
      "dependencies": [
        "npm:dprint@~0.49.1",
        "npm:vue@^3.5.20"
      ]
    }
  }
}
